
Microsoft Visual Studio Solution File, Format Version 12.00
# Visual Studio Version 17
VisualStudioVersion = 17.12.35521.163 d17.12
MinimumVisualStudioVersion = 10.0.40219.1
Project("{FAE04EC0-301F-11D3-BF4B-00C04F79EFBC}") = "OF.Base.Tests", "..\OF.Base.Tests\OF.Base.Tests.csproj", "{8ADF1FA7-348A-45ED-9906-C719D2EF9620}"
EndProject
Project("{FAE04EC0-301F-11D3-BF4B-00C04F79EFBC}") = "OF.FSimMan.Tests", "..\OF.FSimMan.Tests\OF.FSimMan.Tests.csproj", "{A646C5AE-DA14-4482-B59C-A29379F462E1}"
EndProject
Project("{2150E333-8FDC-42A3-9474-1A3956D46DE8}") = "Linked Projects", "Linked Projects", "{93940A7F-BEB2-46EB-923F-2611A7B356B4}"
EndProject
Project("{FAE04EC0-301F-11D3-BF4B-00C04F79EFBC}") = "OF.Base", "..\OF.Base\OF.Base.csproj", "{B3188EFA-C0CC-425A-BB00-5C92E1A70919}"
EndProject
Global
	GlobalSection(SolutionConfigurationPlatforms) = preSolution
		Debug|Any CPU = Debug|Any CPU
		Release|Any CPU = Release|Any CPU
	EndGlobalSection
	GlobalSection(ProjectConfigurationPlatforms) = postSolution
		{8ADF1FA7-348A-45ED-9906-C719D2EF9620}.Debug|Any CPU.ActiveCfg = Debug|Any CPU
		{8ADF1FA7-348A-45ED-9906-C719D2EF9620}.Debug|Any CPU.Build.0 = Debug|Any CPU
		{8ADF1FA7-348A-45ED-9906-C719D2EF9620}.Release|Any CPU.ActiveCfg = Release|Any CPU
		{8ADF1FA7-348A-45ED-9906-C719D2EF9620}.Release|Any CPU.Build.0 = Release|Any CPU
		{A646C5AE-DA14-4482-B59C-A29379F462E1}.Debug|Any CPU.ActiveCfg = Debug|Any CPU
		{A646C5AE-DA14-4482-B59C-A29379F462E1}.Debug|Any CPU.Build.0 = Debug|Any CPU
		{A646C5AE-DA14-4482-B59C-A29379F462E1}.Release|Any CPU.ActiveCfg = Release|Any CPU
		{A646C5AE-DA14-4482-B59C-A29379F462E1}.Release|Any CPU.Build.0 = Release|Any CPU
		{B3188EFA-C0CC-425A-BB00-5C92E1A70919}.Debug|Any CPU.ActiveCfg = Debug|Any CPU
		{B3188EFA-C0CC-425A-BB00-5C92E1A70919}.Debug|Any CPU.Build.0 = Debug|Any CPU
		{B3188EFA-C0CC-425A-BB00-5C92E1A70919}.Release|Any CPU.ActiveCfg = Release|Any CPU
		{B3188EFA-C0CC-425A-BB00-5C92E1A70919}.Release|Any CPU.Build.0 = Release|Any CPU
	EndGlobalSection
	GlobalSection(SolutionProperties) = preSolution
		HideSolutionNode = FALSE
	EndGlobalSection
	GlobalSection(NestedProjects) = preSolution
		{B3188EFA-C0CC-425A-BB00-5C92E1A70919} = {93940A7F-BEB2-46EB-923F-2611A7B356B4}
	EndGlobalSection
EndGlobal
